
Microsoft Visual Studio Solution File, Format Version 12.00
# Visual Studio Version 16
VisualStudioVersion = 16.0.31005.135
MinimumVisualStudioVersion = 10.0.40219.1
Project("{9A19103F-16F7-4668-BE54-9A1E7A4F7556}") = "Revived.Server", "Revived.Server\Revived.Server.csproj", "{526997A8-3621-4C5F-BD3F-0B9F07560575}"
EndProject
Global
	GlobalSection(SolutionConfigurationPlatforms) = preSolution
		Debug|Any CPU = Debug|Any CPU
		Release|Any CPU = Release|Any CPU
	EndGlobalSection
	GlobalSection(ProjectConfigurationPlatforms) = postSolution
		{526997A8-3621-4C5F-BD3F-0B9F07560575}.Debug|Any CPU.ActiveCfg = Debug|Any CPU
		{526997A8-3621-4C5F-BD3F-0B9F07560575}.Debug|Any CPU.Build.0 = Debug|Any CPU
		{526997A8-3621-4C5F-BD3F-0B9F07560575}.Release|Any CPU.ActiveCfg = Release|Any CPU
		{526997A8-3621-4C5F-BD3F-0B9F07560575}.Release|Any CPU.Build.0 = Release|Any CPU
	EndGlobalSection
	GlobalSection(SolutionProperties) = preSolution
		HideSolutionNode = FALSE
	EndGlobalSection
	GlobalSection(ExtensibilityGlobals) = postSolution
		SolutionGuid = {FF6CB7DF-A0F3-467F-B6CB-415D8AA67534}
	EndGlobalSection
EndGlobal
